# THIS IS AN AUTOGENERATED FILE. DO NOT EDIT THIS FILE DIRECTLY.
# yarn lockfile v1


ansi-styles@^3.2.1:
  version "3.2.1"
  resolved "https://registry.yarnpkg.com/ansi-styles/-/ansi-styles-3.2.1.tgz#41fbb20243e50b12be0f04b8dedbf07520ce841d"
  dependencies:
    color-convert "^1.9.0"

argparse@^1.0.7:
  version "1.0.10"
  resolved "https://registry.yarnpkg.com/argparse/-/argparse-1.0.10.tgz#bcd6791ea5ae09725e17e5ad988134cd40b3d911"
  dependencies:
    sprintf-js "~1.0.2"

autoprefixer@^8.6.2:
  version "8.6.2"
  resolved "https://registry.yarnpkg.com/autoprefixer/-/autoprefixer-8.6.2.tgz#51d42ff13243820a582a53ecca20dedaeb7f2efd"
  dependencies:
    browserslist "^3.2.8"
    caniuse-lite "^1.0.30000851"
    normalize-range "^0.1.2"
    num2fraction "^1.2.2"
    postcss "^6.0.22"
    postcss-value-parser "^3.2.3"

balanced-match@^0.4.2:
  version "0.4.2"
  resolved "https://registry.yarnpkg.com/balanced-match/-/balanced-match-0.4.2.tgz#cb3f3e3c732dc0f01ee70b403f302e61d7709838"

browserslist@^3.2.8:
  version "3.2.8"
  resolved "https://registry.yarnpkg.com/browserslist/-/browserslist-3.2.8.tgz#b0005361d6471f0f5952797a76fc985f1f978fc6"
  dependencies:
    caniuse-lite "^1.0.30000844"
    electron-to-chromium "^1.3.47"

caniuse-lite@^1.0.30000844, caniuse-lite@^1.0.30000851:
  version "1.0.30000856"
  resolved "https://registry.yarnpkg.com/caniuse-lite/-/caniuse-lite-1.0.30000856.tgz#ecc16978135a6f219b138991eb62009d25ee8daa"

chalk@^2.4.1:
  version "2.4.1"
  resolved "https://registry.yarnpkg.com/chalk/-/chalk-2.4.1.tgz#18c49ab16a037b6eb0152cc83e3471338215b66e"
  dependencies:
    ansi-styles "^3.2.1"
    escape-string-regexp "^1.0.5"
    supports-color "^5.3.0"

color-convert@^1.9.0:
  version "1.9.2"
  resolved "https://registry.yarnpkg.com/color-convert/-/color-convert-1.9.2.tgz#49881b8fba67df12a96bdf3f56c0aab9e7913147"
  dependencies:
    color-name "1.1.1"

color-name@1.1.1:
  version "1.1.1"
  resolved "https://registry.yarnpkg.com/color-name/-/color-name-1.1.1.tgz#4b1415304cf50028ea81643643bd82ea05803689"

electron-to-chromium@^1.3.47:
  version "1.3.48"
  resolved "https://registry.yarnpkg.com/electron-to-chromium/-/electron-to-chromium-1.3.48.tgz#d3b0d8593814044e092ece2108fc3ac9aea4b900"

escape-string-regexp@^1.0.5:
  version "1.0.5"
  resolved "https://registry.yarnpkg.com/escape-string-regexp/-/escape-string-regexp-1.0.5.tgz#1b61c0562190a8dff6ae3bb2cf0200ca130b86d4"

esprima@^4.0.0:
  version "4.0.0"
  resolved "https://registry.yarnpkg.com/esprima/-/esprima-4.0.0.tgz#4499eddcd1110e0b218bacf2fa7f7f59f55ca804"

has-flag@^3.0.0:
  version "3.0.0"
  resolved "https://registry.yarnpkg.com/has-flag/-/has-flag-3.0.0.tgz#b5d454dc2199ae225699f3467e5a07f3b955bafd"

js-yaml@^3.5.4:
  version "3.12.0"
  resolved "https://registry.yarnpkg.com/js-yaml/-/js-yaml-3.12.0.tgz#eaed656ec8344f10f527c6bfa1b6e2244de167d1"
  dependencies:
    argparse "^1.0.7"
    esprima "^4.0.0"

normalize-range@^0.1.2:
  version "0.1.2"
  resolved "https://registry.yarnpkg.com/normalize-range/-/normalize-range-0.1.2.tgz#2d10c06bdfd312ea9777695a4d28439456b75942"

num2fraction@^1.2.2:
  version "1.2.2"
  resolved "https://registry.yarnpkg.com/num2fraction/-/num2fraction-1.2.2.tgz#6f682b6a027a4e9ddfa4564cd2589d1d4e669ede"

path-parse@^1.0.5:
  version "1.0.5"
  resolved "https://registry.yarnpkg.com/path-parse/-/path-parse-1.0.5.tgz#3c1adf871ea9cd6c9431b6ea2bd74a0ff055c4c1"

pify@^2.3.0:
  version "2.3.0"
  resolved "https://registry.yarnpkg.com/pify/-/pify-2.3.0.tgz#ed141a6ac043a849ea588498e7dca8b15330e90c"

postcss-import@^11.1.0:
  version "11.1.0"
  resolved "https://registry.yarnpkg.com/postcss-import/-/postcss-import-11.1.0.tgz#55c9362c9192994ec68865d224419df1db2981f0"
  dependencies:
    postcss "^6.0.1"
    postcss-value-parser "^3.2.3"
    read-cache "^1.0.0"
    resolve "^1.1.7"

postcss-map@^0.9.0:
  version "0.9.0"
  resolved "https://registry.yarnpkg.com/postcss-map/-/postcss-map-0.9.0.tgz#00b0b7649384ec3de2fbe4e43557cbe02a417d44"
  dependencies:
    js-yaml "^3.5.4"
    postcss "^6.0.0"
    reduce-function-call "^1.0.1"

postcss-simple-vars@^4.1.0:
  version "4.1.0"
  resolved "https://registry.yarnpkg.com/postcss-simple-vars/-/postcss-simple-vars-4.1.0.tgz#043248cfef8d3f51b3486a28c09f8375dbf1b2f9"
  dependencies:
    postcss "^6.0.9"

postcss-value-parser@^3.2.3:
  version "3.3.0"
  resolved "https://registry.yarnpkg.com/postcss-value-parser/-/postcss-value-parser-3.3.0.tgz#87f38f9f18f774a4ab4c8a232f5c5ce8872a9d15"

postcss@^6.0.0, postcss@^6.0.1, postcss@^6.0.22, postcss@^6.0.9:
  version "6.0.22"
  resolved "https://registry.yarnpkg.com/postcss/-/postcss-6.0.22.tgz#e23b78314905c3b90cbd61702121e7a78848f2a3"
  dependencies:
    chalk "^2.4.1"
    source-map "^0.6.1"
    supports-color "^5.4.0"

read-cache@^1.0.0:
  version "1.0.0"
  resolved "https://registry.yarnpkg.com/read-cache/-/read-cache-1.0.0.tgz#e664ef31161166c9751cdbe8dbcf86b5fb58f774"
  dependencies:
    pify "^2.3.0"

reduce-function-call@^1.0.1:
  version "1.0.2"
  resolved "https://registry.yarnpkg.com/reduce-function-call/-/reduce-function-call-1.0.2.tgz#5a200bf92e0e37751752fe45b0ab330fd4b6be99"
  dependencies:
    balanced-match "^0.4.2"

resolve@^1.1.7:
  version "1.8.1"
  resolved "https://registry.yarnpkg.com/resolve/-/resolve-1.8.1.tgz#82f1ec19a423ac1fbd080b0bab06ba36e84a7a26"
  dependencies:
    path-parse "^1.0.5"

source-map@^0.6.1:
  version "0.6.1"
  resolved "https://registry.yarnpkg.com/source-map/-/source-map-0.6.1.tgz#74722af32e9614e9c287a8d0bbde48b5e2f1a263"

sprintf-js@~1.0.2:
  version "1.0.3"
  resolved "https://registry.yarnpkg.com/sprintf-js/-/sprintf-js-1.0.3.tgz#04e6926f662895354f3dd015203633b857297e2c"

supports-color@^5.3.0, supports-color@^5.4.0:
  version "5.4.0"
  resolved "https://registry.yarnpkg.com/supports-color/-/supports-color-5.4.0.tgz#1c6b337402c2137605efe19f10fec390f6faab54"
  dependencies:
    has-flag "^3.0.0"
